# This file is autogenerated, do not edit; changes may be undone by the next 'dep ensure'.


[[projects]]
  branch = "master"
  name = "github.com/arangodb/go-driver"
  packages = [".","cluster","http","util"]
  revision = "a6fc0066e8048f3ad9f89702fbcdf0c060f0ee6d"

[[projects]]
  branch = "master"
  name = "github.com/arangodb/go-velocypack"
  packages = ["."]
  revision = "c899a2a2271f97f297fd70afd031e5ffb9497f83"

[solve-meta]
  analyzer-name = "dep"
  analyzer-version = 1
  inputs-digest = "9891dd4b7db0c0c058dc663d6bf714dc2e66dc3179ea4a1498c209af86969a1b"
  solver-name = "gps-cdcl"
  solver-version = 1
